
Microsoft Visual Studio Solution File, Format Version 12.00
# Visual Studio 15
VisualStudioVersion = 15.0.28307.1705
MinimumVisualStudioVersion = 10.0.40219.1
Project("{8BC9CEB8-8B4A-11D0-8D11-00A0C91BC942}") = "halconvs", "halconvs\halconvs.vcxproj", "{A29C67B9-90FC-4E58-AA2B-DE4E77CECCB7}"
EndProject
Global
	GlobalSection(SolutionConfigurationPlatforms) = preSolution
		Debug|x64 = Debug|x64
		Release|x64 = Release|x64
	EndGlobalSection
	GlobalSection(ProjectConfigurationPlatforms) = postSolution
		{A29C67B9-90FC-4E58-AA2B-DE4E77CECCB7}.Debug|x64.ActiveCfg = Debug|x64
		{A29C67B9-90FC-4E58-AA2B-DE4E77CECCB7}.Debug|x64.Build.0 = Debug|x64
		{A29C67B9-90FC-4E58-AA2B-DE4E77CECCB7}.Release|x64.ActiveCfg = Release|x64
		{A29C67B9-90FC-4E58-AA2B-DE4E77CECCB7}.Release|x64.Build.0 = Release|x64
	EndGlobalSection
	GlobalSection(SolutionProperties) = preSolution
		HideSolutionNode = FALSE
	EndGlobalSection
	GlobalSection(ExtensibilityGlobals) = postSolution
		SolutionGuid = {F06240FC-C6CF-4D71-BAE9-3C4450976B2C}
	EndGlobalSection
EndGlobal
